
Microsoft Visual Studio Solution File, Format Version 12.00
# Visual Studio Version 16
VisualStudioVersion = 16.0.30114.105
MinimumVisualStudioVersion = 10.0.40219.1
Project("{FAE04EC0-301F-11D3-BF4B-00C04F79EFBC}") = "API", "API\API.csproj", "{D39AC09C-CB0D-453C-9BAB-BFFF6522B3BF}"
EndProject
Project("{FAE04EC0-301F-11D3-BF4B-00C04F79EFBC}") = "Application", "Application\Application.csproj", "{9FF7DD72-0A82-467C-B7B5-D2CB9D846462}"
EndProject
Project("{FAE04EC0-301F-11D3-BF4B-00C04F79EFBC}") = "Persistance", "Persistance\Persistance.csproj", "{F8F46B33-B1E8-4336-A6D1-5F564FFAB5D1}"
EndProject
Project("{FAE04EC0-301F-11D3-BF4B-00C04F79EFBC}") = "Domain", "Domain\Domain.csproj", "{767A45C1-C3DB-4AFA-ABAA-1BF9B0772E25}"
EndProject
Global
	GlobalSection(SolutionConfigurationPlatforms) = preSolution
		Debug|Any CPU = Debug|Any CPU
		Release|Any CPU = Release|Any CPU
	EndGlobalSection
	GlobalSection(SolutionProperties) = preSolution
		HideSolutionNode = FALSE
	EndGlobalSection
	GlobalSection(ProjectConfigurationPlatforms) = postSolution
		{D39AC09C-CB0D-453C-9BAB-BFFF6522B3BF}.Debug|Any CPU.ActiveCfg = Debug|Any CPU
		{D39AC09C-CB0D-453C-9BAB-BFFF6522B3BF}.Debug|Any CPU.Build.0 = Debug|Any CPU
		{D39AC09C-CB0D-453C-9BAB-BFFF6522B3BF}.Release|Any CPU.ActiveCfg = Release|Any CPU
		{D39AC09C-CB0D-453C-9BAB-BFFF6522B3BF}.Release|Any CPU.Build.0 = Release|Any CPU
		{9FF7DD72-0A82-467C-B7B5-D2CB9D846462}.Debug|Any CPU.ActiveCfg = Debug|Any CPU
		{9FF7DD72-0A82-467C-B7B5-D2CB9D846462}.Debug|Any CPU.Build.0 = Debug|Any CPU
		{9FF7DD72-0A82-467C-B7B5-D2CB9D846462}.Release|Any CPU.ActiveCfg = Release|Any CPU
		{9FF7DD72-0A82-467C-B7B5-D2CB9D846462}.Release|Any CPU.Build.0 = Release|Any CPU
		{F8F46B33-B1E8-4336-A6D1-5F564FFAB5D1}.Debug|Any CPU.ActiveCfg = Debug|Any CPU
		{F8F46B33-B1E8-4336-A6D1-5F564FFAB5D1}.Debug|Any CPU.Build.0 = Debug|Any CPU
		{F8F46B33-B1E8-4336-A6D1-5F564FFAB5D1}.Release|Any CPU.ActiveCfg = Release|Any CPU
		{F8F46B33-B1E8-4336-A6D1-5F564FFAB5D1}.Release|Any CPU.Build.0 = Release|Any CPU
		{767A45C1-C3DB-4AFA-ABAA-1BF9B0772E25}.Debug|Any CPU.ActiveCfg = Debug|Any CPU
		{767A45C1-C3DB-4AFA-ABAA-1BF9B0772E25}.Debug|Any CPU.Build.0 = Debug|Any CPU
		{767A45C1-C3DB-4AFA-ABAA-1BF9B0772E25}.Release|Any CPU.ActiveCfg = Release|Any CPU
		{767A45C1-C3DB-4AFA-ABAA-1BF9B0772E25}.Release|Any CPU.Build.0 = Release|Any CPU
	EndGlobalSection
EndGlobal
